
Microsoft Visual Studio Solution File, Format Version 12.00
# Visual Studio Version 16
VisualStudioVersion = 16.0.29503.13
MinimumVisualStudioVersion = 10.0.40219.1
Project("{FAE04EC0-301F-11D3-BF4B-00C04F79EFBC}") = "DataAccessLayer", "DataAccessLayer\DataAccessLayer.csproj", "{3C9BE12E-3FD9-40BE-91E2-B0128235B913}"
EndProject
Project("{FAE04EC0-301F-11D3-BF4B-00C04F79EFBC}") = "WebApplication", "WebApplication\WebApplication.csproj", "{30E765C0-8A4B-4237-B6DA-BACB52B41A05}"
EndProject
Project("{9A19103F-16F7-4668-BE54-9A1E7A4F7556}") = "StackOverFlow.Tests", "StackOverFlow.Tests\StackOverFlow.Tests.csproj", "{20CA414F-255F-4635-A166-3816CFD33340}"
EndProject
Global
	GlobalSection(SolutionConfigurationPlatforms) = preSolution
		Debug|Any CPU = Debug|Any CPU
		Release|Any CPU = Release|Any CPU
	EndGlobalSection
	GlobalSection(ProjectConfigurationPlatforms) = postSolution
		{3C9BE12E-3FD9-40BE-91E2-B0128235B913}.Debug|Any CPU.ActiveCfg = Debug|Any CPU
		{3C9BE12E-3FD9-40BE-91E2-B0128235B913}.Debug|Any CPU.Build.0 = Debug|Any CPU
		{3C9BE12E-3FD9-40BE-91E2-B0128235B913}.Release|Any CPU.ActiveCfg = Release|Any CPU
		{3C9BE12E-3FD9-40BE-91E2-B0128235B913}.Release|Any CPU.Build.0 = Release|Any CPU
		{30E765C0-8A4B-4237-B6DA-BACB52B41A05}.Debug|Any CPU.ActiveCfg = Debug|Any CPU
		{30E765C0-8A4B-4237-B6DA-BACB52B41A05}.Debug|Any CPU.Build.0 = Debug|Any CPU
		{30E765C0-8A4B-4237-B6DA-BACB52B41A05}.Release|Any CPU.ActiveCfg = Release|Any CPU
		{30E765C0-8A4B-4237-B6DA-BACB52B41A05}.Release|Any CPU.Build.0 = Release|Any CPU
		{20CA414F-255F-4635-A166-3816CFD33340}.Debug|Any CPU.ActiveCfg = Debug|Any CPU
		{20CA414F-255F-4635-A166-3816CFD33340}.Debug|Any CPU.Build.0 = Debug|Any CPU
		{20CA414F-255F-4635-A166-3816CFD33340}.Release|Any CPU.ActiveCfg = Release|Any CPU
		{20CA414F-255F-4635-A166-3816CFD33340}.Release|Any CPU.Build.0 = Release|Any CPU
	EndGlobalSection
	GlobalSection(SolutionProperties) = preSolution
		HideSolutionNode = FALSE
	EndGlobalSection
	GlobalSection(ExtensibilityGlobals) = postSolution
		SolutionGuid = {696A78E1-08D7-4FBD-AC90-723B1E8B1508}
	EndGlobalSection
EndGlobal
