
Microsoft Visual Studio Solution File, Format Version 12.00
Project("{FAE04EC0-301F-11D3-BF4B-00C04F79EFBC}") = "DataAccess", "DataAccess\DataAccess.csproj", "{D6EBEA4C-BBD3-431D-943A-9F927C3E9043}"
EndProject
Project("{FAE04EC0-301F-11D3-BF4B-00C04F79EFBC}") = "DataAccessUnitTests", "DataAccessUnitTests\DataAccessUnitTests.csproj", "{BDC48CE9-58DE-493B-A879-E622163AAF30}"
EndProject
Global
	GlobalSection(SolutionConfigurationPlatforms) = preSolution
		Debug|Any CPU = Debug|Any CPU
		Release|Any CPU = Release|Any CPU
	EndGlobalSection
	GlobalSection(ProjectConfigurationPlatforms) = postSolution
		{D6EBEA4C-BBD3-431D-943A-9F927C3E9043}.Debug|Any CPU.ActiveCfg = Debug|Any CPU
		{D6EBEA4C-BBD3-431D-943A-9F927C3E9043}.Debug|Any CPU.Build.0 = Debug|Any CPU
		{D6EBEA4C-BBD3-431D-943A-9F927C3E9043}.Release|Any CPU.ActiveCfg = Release|Any CPU
		{D6EBEA4C-BBD3-431D-943A-9F927C3E9043}.Release|Any CPU.Build.0 = Release|Any CPU
		{BDC48CE9-58DE-493B-A879-E622163AAF30}.Debug|Any CPU.ActiveCfg = Debug|Any CPU
		{BDC48CE9-58DE-493B-A879-E622163AAF30}.Debug|Any CPU.Build.0 = Debug|Any CPU
		{BDC48CE9-58DE-493B-A879-E622163AAF30}.Release|Any CPU.ActiveCfg = Release|Any CPU
		{BDC48CE9-58DE-493B-A879-E622163AAF30}.Release|Any CPU.Build.0 = Release|Any CPU
	EndGlobalSection
EndGlobal
